{
  "name": "ChromeOS",
  "lockfileVersion": 3,
  "requires": true,
  "packages": {
    "": {
      "dependencies": {
        "@crowdstrike/foundry-js": "^0.17.1"
      }
    },
    "node_modules/@crowdstrike/foundry-js": {
      "version": "0.17.1",
      "resolved": "https://registry.npmjs.org/@crowdstrike/foundry-js/-/foundry-js-0.17.1.tgz",
      "integrity": "sha512-HRsQ/ELijdIMWlnDkUBO/P2/Ju8Uf4EcpyCv9eLMAMCIHN5JzaILS/hWG/KkbgCFeOag961Y6+wktCuJ7MqMHA==",
      "license": "MIT",
      "dependencies": {
        "emittery": "^1.0.3",
        "typescript-memoize": "^1.1.1",
        "uuid": "^9.0.1"
      },
      "engines": {
        "node": ">=18.12.0"
      }
    },
    "node_modules/emittery": {
      "version": "1.1.0",
      "resolved": "https://registry.npmjs.org/emittery/-/emittery-1.1.0.tgz",
      "integrity": "sha512-rsX7ktqARv/6UQDgMaLfIqUWAEzzbCQiVh7V9rhDXp6c37yoJcks12NVD+XPkgl4AEavmNhVfrhGoqYwIsMYYA==",
      "license": "MIT",
      "engines": {
        "node": ">=14.16"
      },
      "funding": {
        "url": "https://github.com/sindresorhus/emittery?sponsor=1"
      }
    },
    "node_modules/typescript-memoize": {
      "version": "1.1.1",
      "resolved": "https://registry.npmjs.org/typescript-memoize/-/typescript-memoize-1.1.1.tgz",
      "integrity": "sha512-GQ90TcKpIH4XxYTI2F98yEQYZgjNMOGPpOgdjIBhaLaWji5HPWlRnZ4AeA1hfBxtY7bCGDJsqDDHk/KaHOl5bA==",
      "license": "MIT"
    },
    "node_modules/uuid": {
      "version": "9.0.1",
      "resolved": "https://registry.npmjs.org/uuid/-/uuid-9.0.1.tgz",
      "integrity": "sha512-b+1eJOlsR9K8HJpow9Ok3fiWOWSIcIzXodvv0rQjVoOVNpWMpxf1wZNpt4y9h10odCNrqnYp1OBzRktckBe3sA==",
      "funding": [
        "https://github.com/sponsors/broofa",
        "https://github.com/sponsors/ctavan"
      ],
      "license": "MIT",
      "bin": {
        "uuid": "dist/bin/uuid"
      }
    }
  }
}
